
Microsoft Visual Studio Solution File, Format Version 12.00
# Visual Studio Version 16
VisualStudioVersion = 16.0.30611.23
MinimumVisualStudioVersion = 10.0.40219.1
Project("{FAE04EC0-301F-11D3-BF4B-00C04F79EFBC}") = "BL", "BL\BL.csproj", "{1B5DB54F-19C9-4002-B6DE-9365D831C4A9}"
EndProject
Project("{FAE04EC0-301F-11D3-BF4B-00C04F79EFBC}") = "DALAPI", "DAL\DALAPI.csproj", "{6D4F11AE-295E-48E9-BD61-7CF14E1C71D0}"
EndProject
Project("{FAE04EC0-301F-11D3-BF4B-00C04F79EFBC}") = "DALObject", "BE\DALObject.csproj", "{9415498F-9098-437E-A2BE-CAF7991C88AE}"
EndProject
Project("{FAE04EC0-301F-11D3-BF4B-00C04F79EFBC}") = "DS", "DS\DS.csproj", "{8FA680B4-A697-47DF-A231-AF4123AD45EE}"
EndProject
Project("{2150E333-8FDC-42A3-9474-1A3956D46DE8}") = "Solution Items", "Solution Items", "{B0E2F710-C422-4C6E-8B8B-A151B1FA8304}"
	ProjectSection(SolutionItems) = preProject
		bin\config.xml = bin\config.xml
	EndProjectSection
EndProject
Project("{FAE04EC0-301F-11D3-BF4B-00C04F79EFBC}") = "PL.WPF", "PL.WPF\PL.WPF.csproj", "{3CCF3D5B-349B-431F-B380-E9134FAF4F61}"
EndProject
Project("{FAE04EC0-301F-11D3-BF4B-00C04F79EFBC}") = "DSXml", "DSXml\DSXml.csproj", "{E775609F-A171-41F9-90A5-70D63BBDF764}"
EndProject
Project("{FAE04EC0-301F-11D3-BF4B-00C04F79EFBC}") = "DALXml", "DALXml\DALXml.csproj", "{7998838E-81E4-4A00-9438-ED29D6E26B25}"
EndProject
Global
	GlobalSection(SolutionConfigurationPlatforms) = preSolution
		Debug|Any CPU = Debug|Any CPU
		Release|Any CPU = Release|Any CPU
	EndGlobalSection
	GlobalSection(ProjectConfigurationPlatforms) = postSolution
		{1B5DB54F-19C9-4002-B6DE-9365D831C4A9}.Debug|Any CPU.ActiveCfg = Debug|Any CPU
		{1B5DB54F-19C9-4002-B6DE-9365D831C4A9}.Debug|Any CPU.Build.0 = Debug|Any CPU
		{1B5DB54F-19C9-4002-B6DE-9365D831C4A9}.Release|Any CPU.ActiveCfg = Release|Any CPU
		{1B5DB54F-19C9-4002-B6DE-9365D831C4A9}.Release|Any CPU.Build.0 = Release|Any CPU
		{6D4F11AE-295E-48E9-BD61-7CF14E1C71D0}.Debug|Any CPU.ActiveCfg = Debug|Any CPU
		{6D4F11AE-295E-48E9-BD61-7CF14E1C71D0}.Debug|Any CPU.Build.0 = Debug|Any CPU
		{6D4F11AE-295E-48E9-BD61-7CF14E1C71D0}.Release|Any CPU.ActiveCfg = Release|Any CPU
		{6D4F11AE-295E-48E9-BD61-7CF14E1C71D0}.Release|Any CPU.Build.0 = Release|Any CPU
		{9415498F-9098-437E-A2BE-CAF7991C88AE}.Debug|Any CPU.ActiveCfg = Debug|Any CPU
		{9415498F-9098-437E-A2BE-CAF7991C88AE}.Debug|Any CPU.Build.0 = Debug|Any CPU
		{9415498F-9098-437E-A2BE-CAF7991C88AE}.Release|Any CPU.ActiveCfg = Release|Any CPU
		{9415498F-9098-437E-A2BE-CAF7991C88AE}.Release|Any CPU.Build.0 = Release|Any CPU
		{8FA680B4-A697-47DF-A231-AF4123AD45EE}.Debug|Any CPU.ActiveCfg = Debug|Any CPU
		{8FA680B4-A697-47DF-A231-AF4123AD45EE}.Debug|Any CPU.Build.0 = Debug|Any CPU
		{8FA680B4-A697-47DF-A231-AF4123AD45EE}.Release|Any CPU.ActiveCfg = Release|Any CPU
		{8FA680B4-A697-47DF-A231-AF4123AD45EE}.Release|Any CPU.Build.0 = Release|Any CPU
		{3CCF3D5B-349B-431F-B380-E9134FAF4F61}.Debug|Any CPU.ActiveCfg = Debug|Any CPU
		{3CCF3D5B-349B-431F-B380-E9134FAF4F61}.Debug|Any CPU.Build.0 = Debug|Any CPU
		{3CCF3D5B-349B-431F-B380-E9134FAF4F61}.Release|Any CPU.ActiveCfg = Release|Any CPU
		{3CCF3D5B-349B-431F-B380-E9134FAF4F61}.Release|Any CPU.Build.0 = Release|Any CPU
		{E775609F-A171-41F9-90A5-70D63BBDF764}.Debug|Any CPU.ActiveCfg = Debug|Any CPU
		{E775609F-A171-41F9-90A5-70D63BBDF764}.Debug|Any CPU.Build.0 = Debug|Any CPU
		{E775609F-A171-41F9-90A5-70D63BBDF764}.Release|Any CPU.ActiveCfg = Release|Any CPU
		{E775609F-A171-41F9-90A5-70D63BBDF764}.Release|Any CPU.Build.0 = Release|Any CPU
		{7998838E-81E4-4A00-9438-ED29D6E26B25}.Debug|Any CPU.ActiveCfg = Debug|Any CPU
		{7998838E-81E4-4A00-9438-ED29D6E26B25}.Debug|Any CPU.Build.0 = Debug|Any CPU
		{7998838E-81E4-4A00-9438-ED29D6E26B25}.Release|Any CPU.ActiveCfg = Release|Any CPU
		{7998838E-81E4-4A00-9438-ED29D6E26B25}.Release|Any CPU.Build.0 = Release|Any CPU
	EndGlobalSection
	GlobalSection(SolutionProperties) = preSolution
		HideSolutionNode = FALSE
	EndGlobalSection
	GlobalSection(ExtensibilityGlobals) = postSolution
		SolutionGuid = {E63B9525-FF1C-4879-BA57-1232C0B1DBFD}
	EndGlobalSection
EndGlobal
